
Microsoft Visual Studio Solution File, Format Version 12.00
# Visual Studio 2013
VisualStudioVersion = 12.0.31101.0
MinimumVisualStudioVersion = 10.0.40219.1
Project("{FAE04EC0-301F-11D3-BF4B-00C04F79EFBC}") = "Cqrs.Rest.Infrastructure", "Cqrs.Rest.Infrastructure\Cqrs.Rest.Infrastructure.csproj", "{C86BEB44-D750-4937-8324-FBC2A08D8F3A}"
EndProject
Project("{FAE04EC0-301F-11D3-BF4B-00C04F79EFBC}") = "Cqrs.Rest.ApiCore", "Cqrs.Rest.Rest\Cqrs.Rest.ApiCore.csproj", "{9FF54DC6-100F-4AB9-B912-86C122D1757E}"
EndProject
Project("{2150E333-8FDC-42A3-9474-1A3956D46DE8}") = "Sample", "Sample", "{3387B690-F787-4A33-B783-CFAD5E593AF4}"
EndProject
Project("{FAE04EC0-301F-11D3-BF4B-00C04F79EFBC}") = "Semple.Web", "Semple.Web\Semple.Web.csproj", "{75256A07-FBFB-43C7-8EA5-857020246F6A}"
EndProject
Global
	GlobalSection(SolutionConfigurationPlatforms) = preSolution
		Debug|Any CPU = Debug|Any CPU
		Release|Any CPU = Release|Any CPU
	EndGlobalSection
	GlobalSection(ProjectConfigurationPlatforms) = postSolution
		{C86BEB44-D750-4937-8324-FBC2A08D8F3A}.Debug|Any CPU.ActiveCfg = Debug|Any CPU
		{C86BEB44-D750-4937-8324-FBC2A08D8F3A}.Debug|Any CPU.Build.0 = Debug|Any CPU
		{C86BEB44-D750-4937-8324-FBC2A08D8F3A}.Release|Any CPU.ActiveCfg = Release|Any CPU
		{C86BEB44-D750-4937-8324-FBC2A08D8F3A}.Release|Any CPU.Build.0 = Release|Any CPU
		{9FF54DC6-100F-4AB9-B912-86C122D1757E}.Debug|Any CPU.ActiveCfg = Debug|Any CPU
		{9FF54DC6-100F-4AB9-B912-86C122D1757E}.Debug|Any CPU.Build.0 = Debug|Any CPU
		{9FF54DC6-100F-4AB9-B912-86C122D1757E}.Release|Any CPU.ActiveCfg = Release|Any CPU
		{9FF54DC6-100F-4AB9-B912-86C122D1757E}.Release|Any CPU.Build.0 = Release|Any CPU
		{75256A07-FBFB-43C7-8EA5-857020246F6A}.Debug|Any CPU.ActiveCfg = Debug|Any CPU
		{75256A07-FBFB-43C7-8EA5-857020246F6A}.Debug|Any CPU.Build.0 = Debug|Any CPU
		{75256A07-FBFB-43C7-8EA5-857020246F6A}.Release|Any CPU.ActiveCfg = Release|Any CPU
		{75256A07-FBFB-43C7-8EA5-857020246F6A}.Release|Any CPU.Build.0 = Release|Any CPU
	EndGlobalSection
	GlobalSection(SolutionProperties) = preSolution
		HideSolutionNode = FALSE
	EndGlobalSection
	GlobalSection(NestedProjects) = preSolution
		{75256A07-FBFB-43C7-8EA5-857020246F6A} = {3387B690-F787-4A33-B783-CFAD5E593AF4}
	EndGlobalSection
EndGlobal
